
Microsoft Visual Studio Solution File, Format Version 12.00
# Visual Studio 15
VisualStudioVersion = 15.0.27130.2027
MinimumVisualStudioVersion = 10.0.40219.1
Project("{FAE04EC0-301F-11D3-BF4B-00C04F79EFBC}") = "ScadaCommFunc", "ScadaCommFunc\ScadaCommFunc.csproj", "{C15E7BC6-5E22-48D8-9A44-A13AFBEB52D8}"
EndProject
Global
	GlobalSection(SolutionConfigurationPlatforms) = preSolution
		Debug|Any CPU = Debug|Any CPU
		Release|Any CPU = Release|Any CPU
	EndGlobalSection
	GlobalSection(ProjectConfigurationPlatforms) = postSolution
		{C15E7BC6-5E22-48D8-9A44-A13AFBEB52D8}.Debug|Any CPU.ActiveCfg = Debug|Any CPU
		{C15E7BC6-5E22-48D8-9A44-A13AFBEB52D8}.Debug|Any CPU.Build.0 = Debug|Any CPU
		{C15E7BC6-5E22-48D8-9A44-A13AFBEB52D8}.Release|Any CPU.ActiveCfg = Release|Any CPU
		{C15E7BC6-5E22-48D8-9A44-A13AFBEB52D8}.Release|Any CPU.Build.0 = Release|Any CPU
	EndGlobalSection
	GlobalSection(SolutionProperties) = preSolution
		HideSolutionNode = FALSE
	EndGlobalSection
	GlobalSection(ExtensibilityGlobals) = postSolution
		SolutionGuid = {2A659A40-8577-4998-8910-556FE5F8FF72}
	EndGlobalSection
EndGlobal
