
Microsoft Visual Studio Solution File, Format Version 12.00
# Visual Studio 14
VisualStudioVersion = 14.0.24720.0
MinimumVisualStudioVersion = 10.0.40219.1
Project("{FAE04EC0-301F-11D3-BF4B-00C04F79EFBC}") = "KpMercury23x", "KpMercury23x\KpMercury23x.csproj", "{4D34B713-0F13-45B7-91CC-7540A443477E}"
EndProject
Global
	GlobalSection(SolutionConfigurationPlatforms) = preSolution
		Debug|Any CPU = Debug|Any CPU
		Release|Any CPU = Release|Any CPU
	EndGlobalSection
	GlobalSection(ProjectConfigurationPlatforms) = postSolution
		{4D34B713-0F13-45B7-91CC-7540A443477E}.Debug|Any CPU.ActiveCfg = Debug|Any CPU
		{4D34B713-0F13-45B7-91CC-7540A443477E}.Debug|Any CPU.Build.0 = Debug|Any CPU
		{4D34B713-0F13-45B7-91CC-7540A443477E}.Release|Any CPU.ActiveCfg = Release|Any CPU
		{4D34B713-0F13-45B7-91CC-7540A443477E}.Release|Any CPU.Build.0 = Release|Any CPU
	EndGlobalSection
	GlobalSection(SolutionProperties) = preSolution
		HideSolutionNode = FALSE
	EndGlobalSection
EndGlobal
 
